
Microsoft Visual Studio Solution File, Format Version 12.00
# Visual Studio Version 16
VisualStudioVersion = 16.6.30114.105
MinimumVisualStudioVersion = 10.0.40219.1
Project("{FAE04EC0-301F-11D3-BF4B-00C04F79EFBC}") = "GlobalAzure2021.Latinoamerica.API", "GlobalAzure2021.Latinoamerica.API\GlobalAzure2021.Latinoamerica.API.csproj", "{FCFE5E6F-C4D4-44FF-B23D-F169CB0D60EE}"
EndProject
Project("{FAE04EC0-301F-11D3-BF4B-00C04F79EFBC}") = "GlobalAzure2021.Latinoamerica.MVC", "GlobalAzure2021.Latinoamerica.MVC\GlobalAzure2021.Latinoamerica.MVC.csproj", "{C0BC322D-8BA9-45F3-BE99-D65CA438022A}"
EndProject
Global
	GlobalSection(SolutionConfigurationPlatforms) = preSolution
		Debug|Any CPU = Debug|Any CPU
		Debug|x64 = Debug|x64
		Debug|x86 = Debug|x86
		Release|Any CPU = Release|Any CPU
		Release|x64 = Release|x64
		Release|x86 = Release|x86
	EndGlobalSection
	GlobalSection(SolutionProperties) = preSolution
		HideSolutionNode = FALSE
	EndGlobalSection
	GlobalSection(ProjectConfigurationPlatforms) = postSolution
		{FCFE5E6F-C4D4-44FF-B23D-F169CB0D60EE}.Debug|Any CPU.ActiveCfg = Debug|Any CPU
		{FCFE5E6F-C4D4-44FF-B23D-F169CB0D60EE}.Debug|Any CPU.Build.0 = Debug|Any CPU
		{FCFE5E6F-C4D4-44FF-B23D-F169CB0D60EE}.Debug|x64.ActiveCfg = Debug|Any CPU
		{FCFE5E6F-C4D4-44FF-B23D-F169CB0D60EE}.Debug|x64.Build.0 = Debug|Any CPU
		{FCFE5E6F-C4D4-44FF-B23D-F169CB0D60EE}.Debug|x86.ActiveCfg = Debug|Any CPU
		{FCFE5E6F-C4D4-44FF-B23D-F169CB0D60EE}.Debug|x86.Build.0 = Debug|Any CPU
		{FCFE5E6F-C4D4-44FF-B23D-F169CB0D60EE}.Release|Any CPU.ActiveCfg = Release|Any CPU
		{FCFE5E6F-C4D4-44FF-B23D-F169CB0D60EE}.Release|Any CPU.Build.0 = Release|Any CPU
		{FCFE5E6F-C4D4-44FF-B23D-F169CB0D60EE}.Release|x64.ActiveCfg = Release|Any CPU
		{FCFE5E6F-C4D4-44FF-B23D-F169CB0D60EE}.Release|x64.Build.0 = Release|Any CPU
		{FCFE5E6F-C4D4-44FF-B23D-F169CB0D60EE}.Release|x86.ActiveCfg = Release|Any CPU
		{FCFE5E6F-C4D4-44FF-B23D-F169CB0D60EE}.Release|x86.Build.0 = Release|Any CPU
		{C0BC322D-8BA9-45F3-BE99-D65CA438022A}.Debug|Any CPU.ActiveCfg = Debug|Any CPU
		{C0BC322D-8BA9-45F3-BE99-D65CA438022A}.Debug|Any CPU.Build.0 = Debug|Any CPU
		{C0BC322D-8BA9-45F3-BE99-D65CA438022A}.Debug|x64.ActiveCfg = Debug|Any CPU
		{C0BC322D-8BA9-45F3-BE99-D65CA438022A}.Debug|x64.Build.0 = Debug|Any CPU
		{C0BC322D-8BA9-45F3-BE99-D65CA438022A}.Debug|x86.ActiveCfg = Debug|Any CPU
		{C0BC322D-8BA9-45F3-BE99-D65CA438022A}.Debug|x86.Build.0 = Debug|Any CPU
		{C0BC322D-8BA9-45F3-BE99-D65CA438022A}.Release|Any CPU.ActiveCfg = Release|Any CPU
		{C0BC322D-8BA9-45F3-BE99-D65CA438022A}.Release|Any CPU.Build.0 = Release|Any CPU
		{C0BC322D-8BA9-45F3-BE99-D65CA438022A}.Release|x64.ActiveCfg = Release|Any CPU
		{C0BC322D-8BA9-45F3-BE99-D65CA438022A}.Release|x64.Build.0 = Release|Any CPU
		{C0BC322D-8BA9-45F3-BE99-D65CA438022A}.Release|x86.ActiveCfg = Release|Any CPU
		{C0BC322D-8BA9-45F3-BE99-D65CA438022A}.Release|x86.Build.0 = Release|Any CPU
	EndGlobalSection
EndGlobal
